
Microsoft Visual Studio Solution File, Format Version 12.00
# Visual Studio 15
VisualStudioVersion = 15.0.27428.2002
MinimumVisualStudioVersion = 10.0.40219.1
Project("{FAE04EC0-301F-11D3-BF4B-00C04F79EFBC}") = "server", "tcp ip\server.csproj", "{FC86B841-D183-4784-834E-DF532246CA44}"
EndProject
Project("{FAE04EC0-301F-11D3-BF4B-00C04F79EFBC}") = "client", "WindowsFormsApp1\client.csproj", "{B53CF6D8-F487-4CA1-AD37-BF6954CA7FF4}"
EndProject
Global
	GlobalSection(SolutionConfigurationPlatforms) = preSolution
		Debug|Any CPU = Debug|Any CPU
		Release|Any CPU = Release|Any CPU
	EndGlobalSection
	GlobalSection(ProjectConfigurationPlatforms) = postSolution
		{FC86B841-D183-4784-834E-DF532246CA44}.Debug|Any CPU.ActiveCfg = Debug|Any CPU
		{FC86B841-D183-4784-834E-DF532246CA44}.Debug|Any CPU.Build.0 = Debug|Any CPU
		{FC86B841-D183-4784-834E-DF532246CA44}.Release|Any CPU.ActiveCfg = Release|Any CPU
		{FC86B841-D183-4784-834E-DF532246CA44}.Release|Any CPU.Build.0 = Release|Any CPU
		{B53CF6D8-F487-4CA1-AD37-BF6954CA7FF4}.Debug|Any CPU.ActiveCfg = Debug|Any CPU
		{B53CF6D8-F487-4CA1-AD37-BF6954CA7FF4}.Debug|Any CPU.Build.0 = Debug|Any CPU
		{B53CF6D8-F487-4CA1-AD37-BF6954CA7FF4}.Release|Any CPU.ActiveCfg = Release|Any CPU
		{B53CF6D8-F487-4CA1-AD37-BF6954CA7FF4}.Release|Any CPU.Build.0 = Release|Any CPU
	EndGlobalSection
	GlobalSection(SolutionProperties) = preSolution
		HideSolutionNode = FALSE
	EndGlobalSection
	GlobalSection(ExtensibilityGlobals) = postSolution
		SolutionGuid = {D1986C71-DCFE-461F-9FC6-59CD91841DD2}
	EndGlobalSection
EndGlobal
